
Microsoft Visual Studio Solution File, Format Version 12.00
# Visual Studio Version 16
VisualStudioVersion = 16.0.29709.97
MinimumVisualStudioVersion = 10.0.40219.1
Project("{FAE04EC0-301F-11D3-BF4B-00C04F79EFBC}") = "Non_Member", "ClearingFramework\Non_Member.csproj", "{82B3BC5A-6DAD-41C8-8069-B9B0BCA6DFA0}"
EndProject
Global
	GlobalSection(SolutionConfigurationPlatforms) = preSolution
		Debug|Any CPU = Debug|Any CPU
		Release|Any CPU = Release|Any CPU
	EndGlobalSection
	GlobalSection(ProjectConfigurationPlatforms) = postSolution
		{82B3BC5A-6DAD-41C8-8069-B9B0BCA6DFA0}.Debug|Any CPU.ActiveCfg = Debug|Any CPU
		{82B3BC5A-6DAD-41C8-8069-B9B0BCA6DFA0}.Debug|Any CPU.Build.0 = Debug|Any CPU
		{82B3BC5A-6DAD-41C8-8069-B9B0BCA6DFA0}.Release|Any CPU.ActiveCfg = Release|Any CPU
		{82B3BC5A-6DAD-41C8-8069-B9B0BCA6DFA0}.Release|Any CPU.Build.0 = Release|Any CPU
	EndGlobalSection
	GlobalSection(SolutionProperties) = preSolution
		HideSolutionNode = FALSE
	EndGlobalSection
	GlobalSection(ExtensibilityGlobals) = postSolution
		SolutionGuid = {7E4433F2-C77C-4C10-BA67-C3F9D838D7F8}
	EndGlobalSection
EndGlobal
